<?xml version="1.0" encoding="utf-8"?>
<Project ToolsVersion="4.0" xmlns="http://schemas.microsoft.com/developer/msbuild/2003">
  <ItemGroup>
    <Filter Include="소스 파일">
      <UniqueIdentifier>{4FC737F1-C7A5-4376-A066-2A32D752A2FF}</UniqueIdentifier>
      <Extensions>cpp;c;cc;cxx;c++;cppm;ixx;def;odl;idl;hpj;bat;asm;asmx</Extensions>
    </Filter>
    <Filter Include="헤더 파일">
      <UniqueIdentifier>{93995380-89BD-4b04-88EB-625FBE52EBFB}</UniqueIdentifier>
      <Extensions>h;hh;hpp;hxx;h++;hm;inl;inc;ipp;xsd</Extensions>
    </Filter>
    <Filter Include="리소스 파일">
      <UniqueIdentifier>{67DA6AB6-F800-4c08-8B7A-83BB121AAD01}</UniqueIdentifier>
      <Extensions>rc;ico;cur;bmp;dlg;rc2;rct;bin;rgs;gif;jpg;jpeg;jpe;resx;tiff;tif;png;wav;mfcribbon-ms</Extensions>
    </Filter>
  </ItemGroup>
  <ItemGroup>
    <ClCompile Include="main.cpp">
      <Filter>소스 파일</Filter>
    </ClCompile>
    <ClCompile Include="glad.c">
      <Filter>소스 파일</Filter>
    </ClCompile>
    <ClCompile Include="GameObject\GameObject.cpp">
      <Filter>소스 파일</Filter>
    </ClCompile>
    <ClCompile Include="GameStateManager\GameStateManager.cpp">
      <Filter>소스 파일</Filter>
    </ClCompile>
    <ClCompile Include="Level\TestLevel.cpp">
      <Filter>소스 파일</Filter>
    </ClCompile>
    <ClCompile Include="EngineComponent\EngineComponent.cpp">
      <Filter>소스 파일</Filter>
    </ClCompile>
    <ClCompile Include="LogicComponent\LogicComponent.cpp">
      <Filter>소스 파일</Filter>
    </ClCompile>
    <ClCompile Include="GraphicComponent\GraphicComponent.cpp">
      <Filter>소스 파일</Filter>
    </ClCompile>
    <ClCompile Include="EngineComponent\TransformComp.cpp">
      <Filter>소스 파일</Filter>
    </ClCompile>
    <ClCompile Include="GraphicComponent\SpriteComp.cpp">
      <Filter>소스 파일</Filter>
    </ClCompile>
    <ClCompile Include="OpenGL\GLHelper.cpp">
      <Filter>소스 파일</Filter>
    </ClCompile>
    <ClCompile Include="EngineComponent\RigidbodyComp.cpp">
      <Filter>소스 파일</Filter>
    </ClCompile>
    <ClCompile Include="LogicComponent\PlayerComp.cpp">
      <Filter>소스 파일</Filter>
    </ClCompile>
    <ClCompile Include="RTTI\Registry.cpp">
      <Filter>소스 파일</Filter>
    </ClCompile>
    <ClCompile Include="Serializer\Serializer.cpp">
      <Filter>소스 파일</Filter>
    </ClCompile>
    <ClCompile Include="GameObjectManager\GameObjectManager.cpp">
      <Filter>소스 파일</Filter>
    </ClCompile>
    <ClCompile Include="Camera\Camera.cpp">
      <Filter>소스 파일</Filter>
    </ClCompile>
    <ClCompile Include="Resource\Resource.cpp">
      <Filter>소스 파일</Filter>
    </ClCompile>
    <ClCompile Include="Resource\TextureResource.cpp">
      <Filter>소스 파일</Filter>
    </ClCompile>
    <ClCompile Include="ResourceManager\ResourceManager.cpp">
      <Filter>소스 파일</Filter>
    </ClCompile>
    <ClCompile Include="Resource\AudioResource.cpp">
      <Filter>소스 파일</Filter>
    </ClCompile>
    <ClCompile Include="Resource\ShaderResource.cpp">
      <Filter>소스 파일</Filter>
    </ClCompile>
    <ClCompile Include="Resource\MeshResource.cpp">
      <Filter>소스 파일</Filter>
    </ClCompile>
    <ClCompile Include="OpenGL\GLModel.cpp">
      <Filter>소스 파일</Filter>
    </ClCompile>
    <ClCompile Include="Imgui\imgui.cpp">
      <Filter>소스 파일</Filter>
    </ClCompile>
    <ClCompile Include="Imgui\imgui_demo.cpp">
      <Filter>소스 파일</Filter>
    </ClCompile>
    <ClCompile Include="Imgui\imgui_draw.cpp">
      <Filter>소스 파일</Filter>
    </ClCompile>
    <ClCompile Include="Imgui\imgui_impl_glfw.cpp">
      <Filter>소스 파일</Filter>
    </ClCompile>
    <ClCompile Include="Imgui\imgui_impl_opengl3.cpp">
      <Filter>소스 파일</Filter>
    </ClCompile>
    <ClCompile Include="Imgui\imgui_stdlib.cpp">
      <Filter>소스 파일</Filter>
    </ClCompile>
    <ClCompile Include="Imgui\imgui_tables.cpp">
      <Filter>소스 파일</Filter>
    </ClCompile>
    <ClCompile Include="Imgui\imgui_widgets.cpp">
      <Filter>소스 파일</Filter>
    </ClCompile>
    <ClCompile Include="Editor\Editor.cpp">
      <Filter>소스 파일</Filter>
    </ClCompile>
    <ClCompile Include="Prefab\Prefab.cpp">
      <Filter>소스 파일</Filter>
    </ClCompile>
    <ClCompile Include="Resource\PrefabResource.cpp">
      <Filter>소스 파일</Filter>
    </ClCompile>
    <ClCompile Include="Editor\Util.cpp">
      <Filter>소스 파일</Filter>
    </ClCompile>
    <ClCompile Include="CollisionManager\CollisionManager.cpp">
      <Filter>소스 파일</Filter>
    </ClCompile>
    <ClCompile Include="EngineComponent\ColliderComp.cpp">
      <Filter>소스 파일</Filter>
    </ClCompile>
    <ClCompile Include="Event\Event.cpp">
      <Filter>소스 파일</Filter>
    </ClCompile>
    <ClCompile Include="EventManager\EventManager.cpp">
      <Filter>소스 파일</Filter>
    </ClCompile>
    <ClCompile Include="CollisionManager\CollisionUtil.cpp">
      <Filter>소스 파일</Filter>
    </ClCompile>
    <ClCompile Include="Event\Entity.cpp">
      <Filter>소스 파일</Filter>
    </ClCompile>
    <ClCompile Include="LayerManager\LayerManager.cpp">
      <Filter>소스 파일</Filter>
    </ClCompile>
    <ClCompile Include="Profiler\Profiler.cpp">
      <Filter>소스 파일</Filter>
    </ClCompile>
    <ClCompile Include="Imgui\implot.cpp">
      <Filter>소스 파일</Filter>
    </ClCompile>
    <ClCompile Include="Imgui\implot_demo.cpp">
      <Filter>소스 파일</Filter>
    </ClCompile>
    <ClCompile Include="Imgui\implot_items.cpp">
      <Filter>소스 파일</Filter>
    </ClCompile>
    <ClCompile Include="EngineComponent\BombComp.cpp">
      <Filter>소스 파일</Filter>
    </ClCompile>
    <ClCompile Include="Particle\Particle.cpp">
      <Filter>소스 파일</Filter>
    </ClCompile>
    <ClCompile Include="Animation\Animation.cpp">
      <Filter>소스 파일</Filter>
    </ClCompile>
    <ClCompile Include="GraphicComponent\AnimatorComp.cpp">
      <Filter>소스 파일</Filter>
    </ClCompile>
    <ClCompile Include="EngineComponent\LifetimeComp.cpp">
      <Filter>소스 파일</Filter>
    </ClCompile>
    <ClCompile Include="LogicComponent\LifeComp.cpp">
      <Filter>소스 파일</Filter>
    </ClCompile>
  </ItemGroup>
  <ItemGroup>
    <ClInclude Include="GameObject\GameObject.h">
      <Filter>헤더 파일</Filter>
    </ClInclude>
    <ClInclude Include="ComponentManager\ComponentManager.h">
      <Filter>헤더 파일</Filter>
    </ClInclude>
    <ClInclude Include="BaseComponent.h">
      <Filter>헤더 파일</Filter>
    </ClInclude>
    <ClInclude Include="GameStateManager\GameStateManager.h">
      <Filter>헤더 파일</Filter>
    </ClInclude>
    <ClInclude Include="Level\BaseLevel.h">
      <Filter>헤더 파일</Filter>
    </ClInclude>
    <ClInclude Include="Level\TestLevel.h">
      <Filter>헤더 파일</Filter>
    </ClInclude>
    <ClInclude Include="EngineComponent\EngineComponent.h">
      <Filter>헤더 파일</Filter>
    </ClInclude>
    <ClInclude Include="LogicComponent\LogicComponent.h">
      <Filter>헤더 파일</Filter>
    </ClInclude>
    <ClInclude Include="GraphicComponent\GraphicComponent.h">
      <Filter>헤더 파일</Filter>
    </ClInclude>
    <ClInclude Include="EngineComponent\TransformComp.h">
      <Filter>헤더 파일</Filter>
    </ClInclude>
    <ClInclude Include="GraphicComponent\SpriteComp.h">
      <Filter>헤더 파일</Filter>
    </ClInclude>
    <ClInclude Include="OpenGL\GLHelper.h">
      <Filter>헤더 파일</Filter>
    </ClInclude>
    <ClInclude Include="EngineComponent\RigidbodyComp.h">
      <Filter>헤더 파일</Filter>
    </ClInclude>
    <ClInclude Include="LogicComponent\PlayerComp.h">
      <Filter>헤더 파일</Filter>
    </ClInclude>
    <ClInclude Include="RTTI\Registry.h">
      <Filter>헤더 파일</Filter>
    </ClInclude>
    <ClInclude Include="RTTI\BaseRTTI.h">
      <Filter>헤더 파일</Filter>
    </ClInclude>
    <ClInclude Include="Components.h">
      <Filter>헤더 파일</Filter>
    </ClInclude>
    <ClInclude Include="Serializer\Serializer.h">
      <Filter>헤더 파일</Filter>
    </ClInclude>
    <ClInclude Include="GameObjectManager\GameObjectManager.h">
      <Filter>헤더 파일</Filter>
    </ClInclude>
    <ClInclude Include="Camera\Camera.h">
      <Filter>헤더 파일</Filter>
    </ClInclude>
    <ClInclude Include="Resource\Resource.h">
      <Filter>헤더 파일</Filter>
    </ClInclude>
    <ClInclude Include="Resource\TextureResource.h">
      <Filter>헤더 파일</Filter>
    </ClInclude>
    <ClInclude Include="Resource\AudioResource.h">
      <Filter>헤더 파일</Filter>
    </ClInclude>
    <ClInclude Include="Resource\Resources.h">
      <Filter>헤더 파일</Filter>
    </ClInclude>
    <ClInclude Include="Resource\MeshResource.h">
      <Filter>헤더 파일</Filter>
    </ClInclude>
    <ClInclude Include="Resource\ShaderResource.h">
      <Filter>헤더 파일</Filter>
    </ClInclude>
    <ClInclude Include="OpenGL\GLModel.h">
      <Filter>헤더 파일</Filter>
    </ClInclude>
    <ClInclude Include="Imgui\imconfig.h">
      <Filter>헤더 파일</Filter>
    </ClInclude>
    <ClInclude Include="Imgui\imgui.h">
      <Filter>헤더 파일</Filter>
    </ClInclude>
    <ClInclude Include="Imgui\imgui_impl_glfw.h">
      <Filter>헤더 파일</Filter>
    </ClInclude>
    <ClInclude Include="Imgui\imgui_impl_opengl3.h">
      <Filter>헤더 파일</Filter>
    </ClInclude>
    <ClInclude Include="Imgui\imgui_impl_opengl3_loader.h">
      <Filter>헤더 파일</Filter>
    </ClInclude>
    <ClInclude Include="Imgui\imgui_internal.h">
      <Filter>헤더 파일</Filter>
    </ClInclude>
    <ClInclude Include="Imgui\imgui_stdlib.h">
      <Filter>헤더 파일</Filter>
    </ClInclude>
    <ClInclude Include="Imgui\imstb_rectpack.h">
      <Filter>헤더 파일</Filter>
    </ClInclude>
    <ClInclude Include="Imgui\imstb_textedit.h">
      <Filter>헤더 파일</Filter>
    </ClInclude>
    <ClInclude Include="Imgui\imstb_truetype.h">
      <Filter>헤더 파일</Filter>
    </ClInclude>
    <ClInclude Include="Editor\Editor.h">
      <Filter>헤더 파일</Filter>
    </ClInclude>
    <ClInclude Include="OpenGL\GLShader.h">
      <Filter>헤더 파일</Filter>
    </ClInclude>
    <ClInclude Include="Prefab\Prefab.h">
      <Filter>헤더 파일</Filter>
    </ClInclude>
    <ClInclude Include="Resource\PrefabResource.h">
      <Filter>헤더 파일</Filter>
    </ClInclude>
    <ClInclude Include="Editor\Util.h">
      <Filter>헤더 파일</Filter>
    </ClInclude>
    <ClInclude Include="CollisionManager\CollisionManager.h">
      <Filter>헤더 파일</Filter>
    </ClInclude>
    <ClInclude Include="EngineComponent\ColliderComp.h">
      <Filter>헤더 파일</Filter>
    </ClInclude>
    <ClInclude Include="Event\Event.h">
      <Filter>헤더 파일</Filter>
    </ClInclude>
    <ClInclude Include="Event\Entity.h">
      <Filter>헤더 파일</Filter>
    </ClInclude>
    <ClInclude Include="Event\CollisionEvent.h">
      <Filter>헤더 파일</Filter>
    </ClInclude>
    <ClInclude Include="EventManager\EventManager.h">
      <Filter>헤더 파일</Filter>
    </ClInclude>
    <ClInclude Include="CollisionManager\CollisionUtil.h">
      <Filter>헤더 파일</Filter>
    </ClInclude>
    <ClInclude Include="ResourceManager\ResourceManager.h">
      <Filter>헤더 파일</Filter>
    </ClInclude>
    <ClInclude Include="Imgui\imgui_inc.h">
      <Filter>헤더 파일</Filter>
    </ClInclude>
    <ClInclude Include="LayerManager\LayerManager.h">
      <Filter>헤더 파일</Filter>
    </ClInclude>
    <ClInclude Include="Profiler\Profiler.h">
      <Filter>헤더 파일</Filter>
    </ClInclude>
    <ClInclude Include="Imgui\implot.h">
      <Filter>헤더 파일</Filter>
    </ClInclude>
    <ClInclude Include="Imgui\implot_internal.h">
      <Filter>헤더 파일</Filter>
    </ClInclude>
    <ClInclude Include="EngineComponent\BombComp.h">
      <Filter>헤더 파일</Filter>
    </ClInclude>
    <ClInclude Include="Particle\Particle.h">
      <Filter>헤더 파일</Filter>
    </ClInclude>
    <ClInclude Include="Animation\Animation.h">
      <Filter>헤더 파일</Filter>
    </ClInclude>
    <ClInclude Include="GraphicComponent\AnimatorComp.h">
      <Filter>헤더 파일</Filter>
    </ClInclude>
    <ClInclude Include="EngineComponent\LifetimeComp.h">
      <Filter>헤더 파일</Filter>
    </ClInclude>
    <ClInclude Include="LogicComponent\LifeComp.h">
      <Filter>헤더 파일</Filter>
    </ClInclude>
    <ClInclude Include="EngineComponent\BulletComp.h">
      <Filter>헤더 파일</Filter>
    </ClInclude>
  </ItemGroup>
  <ItemGroup>
    <None Include="GameObject\GameObject.inl">
      <Filter>헤더 파일</Filter>
    </None>
    <None Include="ComponentManager\ComponentManager.inl">
      <Filter>헤더 파일</Filter>
    </None>
    <None Include="ResourceManager\ResourceManager.inl">
      <Filter>헤더 파일</Filter>
    </None>
    <None Include="Imgui\imgui.natstepfilter" />
    <None Include="EventManager\EventManager.inl">
      <Filter>헤더 파일</Filter>
    </None>
  </ItemGroup>
  <ItemGroup>
    <Natvis Include="Imgui\imgui.natvis" />
  </ItemGroup>
</Project>